{
    "version": 3,
    "terraform_version": "0.11.11",
    "serial": 16,
    "lineage": "e3f94eda-7add-2a47-196f-70f19296bfd7",
    "modules": [
        {
            "path": [
                "root"
            ],
            "outputs": {},
            "resources": {
                "aws_instance.example.0": {
                    "type": "aws_instance",
                    "depends_on": [
                        "aws_s3_bucket.example"
                    ],
                    "primary": {
                        "id": "i-04377cec40836809e",
                        "attributes": {
                            "ami": "ami-076e276d85f524150",
                            "arn": "arn:aws:ec2:us-west-2:856205999181:instance/i-04377cec40836809e",
                            "associate_public_ip_address": "true",
                            "availability_zone": "us-west-2a",
                            "cpu_core_count": "1",
                            "cpu_threads_per_core": "1",
                            "credit_specification.#": "1",
                            "credit_specification.0.cpu_credits": "standard",
                            "disable_api_termination": "false",
                            "ebs_block_device.#": "0",
                            "ebs_optimized": "false",
                            "ephemeral_block_device.#": "0",
                            "get_password_data": "false",
                            "iam_instance_profile": "",
                            "id": "i-04377cec40836809e",
                            "instance_state": "running",
                            "instance_type": "t2.micro",
                            "ipv6_addresses.#": "0",
                            "key_name": "",
                            "monitoring": "false",
                            "network_interface.#": "0",
                            "network_interface_id": "eni-07d6c2582cbb7ae25",
                            "password_data": "",
                            "placement_group": "",
                            "primary_network_interface_id": "eni-07d6c2582cbb7ae25",
                            "private_dns": "ip-172-31-17-231.us-west-2.compute.internal",
                            "private_ip": "172.31.17.231",
                            "public_dns": "ec2-52-12-190-58.us-west-2.compute.amazonaws.com",
                            "public_ip": "52.12.190.58",
                            "root_block_device.#": "1",
                            "root_block_device.0.delete_on_termination": "true",
                            "root_block_device.0.iops": "100",
                            "root_block_device.0.volume_id": "vol-072c97a74d92108ae",
                            "root_block_device.0.volume_size": "8",
                            "root_block_device.0.volume_type": "gp2",
                            "security_groups.#": "1",
                            "security_groups.3814588639": "default",
                            "source_dest_check": "true",
                            "subnet_id": "subnet-b5351acc",
                            "tags.%": "0",
                            "tenancy": "default",
                            "volume_tags.%": "0",
                            "vpc_security_group_ids.#": "1",
                            "vpc_security_group_ids.2363608518": "sg-e21b2a95"
                        },
                        "meta": {
                            "e2bfb730-ecaa-11e6-8f88-34363bc7c4c0": {
                                "create": 600000000000,
                                "delete": 1200000000000,
                                "update": 600000000000
                            },
                            "schema_version": "1"
                        },
                        "tainted": false
                    },
                    "deposed": [],
                    "provider": "provider.aws"
                },
                "aws_instance.example.1": {
                    "type": "aws_instance",
                    "depends_on": [
                        "aws_s3_bucket.example"
                    ],
                    "primary": {
                        "id": "i-08b606181b0613ab6",
                        "attributes": {
                            "ami": "ami-076e276d85f524150",
                            "arn": "arn:aws:ec2:us-west-2:856205999181:instance/i-08b606181b0613ab6",
                            "associate_public_ip_address": "true",
                            "availability_zone": "us-west-2a",
                            "cpu_core_count": "1",
                            "cpu_threads_per_core": "1",
                            "credit_specification.#": "1",
                            "credit_specification.0.cpu_credits": "standard",
                            "disable_api_termination": "false",
                            "ebs_block_device.#": "0",
                            "ebs_optimized": "false",
                            "ephemeral_block_device.#": "0",
                            "get_password_data": "false",
                            "iam_instance_profile": "",
                            "id": "i-08b606181b0613ab6",
                            "instance_state": "running",
                            "instance_type": "t2.micro",
                            "ipv6_addresses.#": "0",
                            "key_name": "",
                            "monitoring": "false",
                            "network_interface.#": "0",
                            "network_interface_id": "eni-0c7f105fbd2c3a37e",
                            "password_data": "",
                            "placement_group": "",
                            "primary_network_interface_id": "eni-0c7f105fbd2c3a37e",
                            "private_dns": "ip-172-31-21-242.us-west-2.compute.internal",
                            "private_ip": "172.31.21.242",
                            "public_dns": "ec2-34-223-225-155.us-west-2.compute.amazonaws.com",
                            "public_ip": "34.223.225.155",
                            "root_block_device.#": "1",
                            "root_block_device.0.delete_on_termination": "true",
                            "root_block_device.0.iops": "100",
                            "root_block_device.0.volume_id": "vol-0bc46e57cea5e9275",
                            "root_block_device.0.volume_size": "8",
                            "root_block_device.0.volume_type": "gp2",
                            "security_groups.#": "1",
                            "security_groups.3814588639": "default",
                            "source_dest_check": "true",
                            "subnet_id": "subnet-b5351acc",
                            "tags.%": "0",
                            "tenancy": "default",
                            "volume_tags.%": "0",
                            "vpc_security_group_ids.#": "1",
                            "vpc_security_group_ids.2363608518": "sg-e21b2a95"
                        },
                        "meta": {
                            "e2bfb730-ecaa-11e6-8f88-34363bc7c4c0": {
                                "create": 600000000000,
                                "delete": 1200000000000,
                                "update": 600000000000
                            },
                            "schema_version": "1"
                        },
                        "tainted": false
                    },
                    "deposed": [],
                    "provider": "provider.aws"
                },
                "aws_s3_bucket.example": {
                    "type": "aws_s3_bucket",
                    "depends_on": [],
                    "primary": {
                        "id": "testnewnameee",
                        "attributes": {
                            "acceleration_status": "",
                            "acl": "private",
                            "arn": "arn:aws:s3:::testnewnameee",
                            "bucket": "testnewnameee",
                            "bucket_domain_name": "testnewnameee.s3.amazonaws.com",
                            "bucket_regional_domain_name": "testnewnameee.s3.us-west-2.amazonaws.com",
                            "cors_rule.#": "0",
                            "force_destroy": "false",
                            "hosted_zone_id": "Z3BJ6K6RIION7M",
                            "id": "testnewnameee",
                            "lifecycle_rule.#": "0",
                            "logging.#": "0",
                            "region": "us-west-2",
                            "replication_configuration.#": "0",
                            "request_payer": "BucketOwner",
                            "server_side_encryption_configuration.#": "0",
                            "tags.%": "0",
                            "versioning.#": "1",
                            "versioning.0.enabled": "false",
                            "versioning.0.mfa_delete": "false",
                            "website.#": "0"
                        },
                        "meta": {},
                        "tainted": false
                    },
                    "deposed": [],
                    "provider": "provider.aws"
                }
            },
            "depends_on": []
        }
    ]
}
